
Microsoft Visual Studio Solution File, Format Version 12.00
# Visual Studio 2015
Project("{FAE04EC0-301F-11D3-BF4B-00C04F79EFBC}") = "Blade_VR.CSharp", "Blade_VR.CSharp.csproj", "{EEEA1FE1-BF02-7A07-C8F0-B62AF28CE337}"
EndProject
Project("{FAE04EC0-301F-11D3-BF4B-00C04F79EFBC}") = "Blade_VR.CSharp.Editor", "Blade_VR.CSharp.Editor.csproj", "{B742E415-3635-E4DC-065E-4F98208C86DB}"
EndProject
Global
	GlobalSection(SolutionConfigurationPlatforms) = preSolution
		Debug|Any CPU = Debug|Any CPU
		Release|Any CPU = Release|Any CPU
	EndGlobalSection
	GlobalSection(ProjectConfigurationPlatforms) = postSolution
		{EEEA1FE1-BF02-7A07-C8F0-B62AF28CE337}.Debug|Any CPU.ActiveCfg = Debug|Any CPU
		{EEEA1FE1-BF02-7A07-C8F0-B62AF28CE337}.Debug|Any CPU.Build.0 = Debug|Any CPU
		{EEEA1FE1-BF02-7A07-C8F0-B62AF28CE337}.Release|Any CPU.ActiveCfg = Release|Any CPU
		{EEEA1FE1-BF02-7A07-C8F0-B62AF28CE337}.Release|Any CPU.Build.0 = Release|Any CPU
		{B742E415-3635-E4DC-065E-4F98208C86DB}.Debug|Any CPU.ActiveCfg = Debug|Any CPU
		{B742E415-3635-E4DC-065E-4F98208C86DB}.Debug|Any CPU.Build.0 = Debug|Any CPU
		{B742E415-3635-E4DC-065E-4F98208C86DB}.Release|Any CPU.ActiveCfg = Release|Any CPU
		{B742E415-3635-E4DC-065E-4F98208C86DB}.Release|Any CPU.Build.0 = Release|Any CPU
	EndGlobalSection
	GlobalSection(SolutionProperties) = preSolution
		HideSolutionNode = FALSE
	EndGlobalSection
EndGlobal
