
Microsoft Visual Studio Solution File, Format Version 12.00
# Visual Studio 2015
Project("{FAE04EC0-301F-11D3-BF4B-00C04F79EFBC}") = "SAMURAI_SWORD", "SAMURAI_SWORD.csproj", "{0A18CCDD-5A75-59A8-85EB-3982E46923F0}"
EndProject
Project("{FAE04EC0-301F-11D3-BF4B-00C04F79EFBC}") = "SAMURAI_SWORD.Editor", "SAMURAI_SWORD.Editor.csproj", "{5818459D-25E5-13DF-0B94-1F93A5316E42}"
EndProject
Global
	GlobalSection(SolutionConfigurationPlatforms) = preSolution
		Debug|Any CPU = Debug|Any CPU
		Release|Any CPU = Release|Any CPU
	EndGlobalSection
	GlobalSection(ProjectConfigurationPlatforms) = postSolution
		{0A18CCDD-5A75-59A8-85EB-3982E46923F0}.Debug|Any CPU.ActiveCfg = Debug|Any CPU
		{0A18CCDD-5A75-59A8-85EB-3982E46923F0}.Debug|Any CPU.Build.0 = Debug|Any CPU
		{0A18CCDD-5A75-59A8-85EB-3982E46923F0}.Release|Any CPU.ActiveCfg = Release|Any CPU
		{0A18CCDD-5A75-59A8-85EB-3982E46923F0}.Release|Any CPU.Build.0 = Release|Any CPU
		{5818459D-25E5-13DF-0B94-1F93A5316E42}.Debug|Any CPU.ActiveCfg = Debug|Any CPU
		{5818459D-25E5-13DF-0B94-1F93A5316E42}.Debug|Any CPU.Build.0 = Debug|Any CPU
		{5818459D-25E5-13DF-0B94-1F93A5316E42}.Release|Any CPU.ActiveCfg = Release|Any CPU
		{5818459D-25E5-13DF-0B94-1F93A5316E42}.Release|Any CPU.Build.0 = Release|Any CPU
	EndGlobalSection
	GlobalSection(SolutionProperties) = preSolution
		HideSolutionNode = FALSE
	EndGlobalSection
EndGlobal
